<?xml version="1.0" encoding="utf-8"?>
<Project ToolsVersion="4.0" xmlns="http://schemas.microsoft.com/developer/msbuild/2003">
  <ItemGroup>
    <ClCompile Include="tests.Board.cpp">
      <Filter>Tests</Filter>
    </ClCompile>
  </ItemGroup>
  <ItemGroup>
    <Filter Include="Source">
      <UniqueIdentifier>{5eea5e02-b16b-4248-900a-005f0dd87f08}</UniqueIdentifier>
    </Filter>
    <Filter Include="Tests">
      <UniqueIdentifier>{ae33dfee-9e1f-435e-b1cd-771b133ff5a7}</UniqueIdentifier>
    </Filter>
    <Filter Include="Header">
      <UniqueIdentifier>{f4bf2a32-b2f6-4e5b-bda9-af5e3e3e2893}</UniqueIdentifier>
    </Filter>
  </ItemGroup>
</Project>